
Microsoft Visual Studio Solution File, Format Version 12.00
# Visual Studio Version 16
VisualStudioVersion = 25.0.1706.9
MinimumVisualStudioVersion = 10.0.40219.1
Project("{FAE04EC0-301F-11D3-BF4B-00C04F79EFBC}") = "Soukoban", "Soukoban\Soukoban.csproj", "{3686FA70-2763-4304-8EF1-B04A7CE97A9F}"
EndProject
Global
	GlobalSection(SolutionConfigurationPlatforms) = preSolution
		Debug|Any CPU = Debug|Any CPU
		Release|Any CPU = Release|Any CPU
	EndGlobalSection
	GlobalSection(ProjectConfigurationPlatforms) = postSolution
		{3686FA70-2763-4304-8EF1-B04A7CE97A9F}.Debug|Any CPU.ActiveCfg = Debug|Any CPU
		{3686FA70-2763-4304-8EF1-B04A7CE97A9F}.Debug|Any CPU.Build.0 = Debug|Any CPU
		{3686FA70-2763-4304-8EF1-B04A7CE97A9F}.Release|Any CPU.ActiveCfg = Release|Any CPU
		{3686FA70-2763-4304-8EF1-B04A7CE97A9F}.Release|Any CPU.Build.0 = Release|Any CPU
	EndGlobalSection
	GlobalSection(SolutionProperties) = preSolution
		HideSolutionNode = FALSE
	EndGlobalSection
	GlobalSection(ExtensibilityGlobals) = postSolution
		SolutionGuid = {876314D5-FCF9-42D3-AE6E-9B3C12356C50}
	EndGlobalSection
EndGlobal
